
Microsoft Visual Studio Solution File, Format Version 12.00
# Visual Studio Version 16
VisualStudioVersion = 16.0.30711.63
MinimumVisualStudioVersion = 10.0.40219.1
Project("{9A19103F-16F7-4668-BE54-9A1E7A4F7556}") = "Romulus", "Romulus.csproj", "{2D6DBBF8-394A-4930-88FF-3445B71710BC}"
EndProject
Project("{9A19103F-16F7-4668-BE54-9A1E7A4F7556}") = "SmolNetSharp", "..\SmolNetSharp\SmolNetSharp\SmolNetSharp.csproj", "{BACF2A1C-8FE4-4737-B7EC-EADAA0FD71E5}"
EndProject
Global
	GlobalSection(SolutionConfigurationPlatforms) = preSolution
		Debug|Any CPU = Debug|Any CPU
		Release|Any CPU = Release|Any CPU
	EndGlobalSection
	GlobalSection(ProjectConfigurationPlatforms) = postSolution
		{2D6DBBF8-394A-4930-88FF-3445B71710BC}.Debug|Any CPU.ActiveCfg = Debug|Any CPU
		{2D6DBBF8-394A-4930-88FF-3445B71710BC}.Debug|Any CPU.Build.0 = Debug|Any CPU
		{2D6DBBF8-394A-4930-88FF-3445B71710BC}.Release|Any CPU.ActiveCfg = Release|Any CPU
		{2D6DBBF8-394A-4930-88FF-3445B71710BC}.Release|Any CPU.Build.0 = Release|Any CPU
		{BACF2A1C-8FE4-4737-B7EC-EADAA0FD71E5}.Debug|Any CPU.ActiveCfg = Debug|Any CPU
		{BACF2A1C-8FE4-4737-B7EC-EADAA0FD71E5}.Debug|Any CPU.Build.0 = Debug|Any CPU
		{BACF2A1C-8FE4-4737-B7EC-EADAA0FD71E5}.Release|Any CPU.ActiveCfg = Release|Any CPU
		{BACF2A1C-8FE4-4737-B7EC-EADAA0FD71E5}.Release|Any CPU.Build.0 = Release|Any CPU
	EndGlobalSection
	GlobalSection(SolutionProperties) = preSolution
		HideSolutionNode = FALSE
	EndGlobalSection
	GlobalSection(ExtensibilityGlobals) = postSolution
		SolutionGuid = {BC3FF041-C55F-499B-B735-584D07FA5F6B}
	EndGlobalSection
EndGlobal
